Microsoft Visual Studio Solution File, Format Version 12.00
# Visual Studio Version 17
VisualStudioVersion = 17.5.2.0
MinimumVisualStudioVersion = 10.0.40219.1
Project("{FAE04EC0-301F-11D3-BF4B-00C04F79EFBC}") = "ConsoleAppWithDynamicPushConfig", "ConsoleAppWithDynamicPushConfig.csproj", "{8AF24BC5-B11E-38DD-FCDC-05ED8F828112}"
EndProject
Global
	GlobalSection(SolutionConfigurationPlatforms) = preSolution
		Debug|Any CPU = Debug|Any CPU
		Release|Any CPU = Release|Any CPU
	EndGlobalSection
	GlobalSection(ProjectConfigurationPlatforms) = postSolution
		{8AF24BC5-B11E-38DD-FCDC-05ED8F828112}.Debug|Any CPU.ActiveCfg = Debug|Any CPU
		{8AF24BC5-B11E-38DD-FCDC-05ED8F828112}.Debug|Any CPU.Build.0 = Debug|Any CPU
		{8AF24BC5-B11E-38DD-FCDC-05ED8F828112}.Release|Any CPU.ActiveCfg = Release|Any CPU
		{8AF24BC5-B11E-38DD-FCDC-05ED8F828112}.Release|Any CPU.Build.0 = Release|Any CPU
	EndGlobalSection
	GlobalSection(SolutionProperties) = preSolution
		HideSolutionNode = FALSE
	EndGlobalSection
	GlobalSection(ExtensibilityGlobals) = postSolution
		SolutionGuid = {E78A6016-3AE2-4F38-8195-0441CDDD5205}
	EndGlobalSection
EndGlobal
